
Microsoft Visual Studio Solution File, Format Version 12.00
# Visual Studio Version 16
VisualStudioVersion = 16.0.29001.49
MinimumVisualStudioVersion = 10.0.40219.1
Project("{FAE04EC0-301F-11D3-BF4B-00C04F79EFBC}") = "ModificadoresDeAcceso", "ModificadoresDeAcceso\ModificadoresDeAcceso.csproj", "{1B4528B8-1E68-4EEF-841B-D4A3DFA60CB5}"
EndProject
Global
	GlobalSection(SolutionConfigurationPlatforms) = preSolution
		Debug|Any CPU = Debug|Any CPU
		Release|Any CPU = Release|Any CPU
	EndGlobalSection
	GlobalSection(ProjectConfigurationPlatforms) = postSolution
		{1B4528B8-1E68-4EEF-841B-D4A3DFA60CB5}.Debug|Any CPU.ActiveCfg = Debug|Any CPU
		{1B4528B8-1E68-4EEF-841B-D4A3DFA60CB5}.Debug|Any CPU.Build.0 = Debug|Any CPU
		{1B4528B8-1E68-4EEF-841B-D4A3DFA60CB5}.Release|Any CPU.ActiveCfg = Release|Any CPU
		{1B4528B8-1E68-4EEF-841B-D4A3DFA60CB5}.Release|Any CPU.Build.0 = Release|Any CPU
	EndGlobalSection
	GlobalSection(SolutionProperties) = preSolution
		HideSolutionNode = FALSE
	EndGlobalSection
	GlobalSection(ExtensibilityGlobals) = postSolution
		SolutionGuid = {AA92E9BB-74E4-467A-A84A-E695F7876F60}
	EndGlobalSection
EndGlobal
